<?xml version="1.0" encoding="utf-8"?>
<Project ToolsVersion="4.0" xmlns="http://schemas.microsoft.com/developer/msbuild/2003">
  <ItemGroup>
    <Filter Include="Source Files">
      <UniqueIdentifier>{4FC737F1-C7A5-4376-A066-2A32D752A2FF}</UniqueIdentifier>
      <Extensions>cpp;c;cc;cxx;def;odl;idl;hpj;bat;asm;asmx</Extensions>
    </Filter>
    <Filter Include="Header Files">
      <UniqueIdentifier>{93995380-89BD-4b04-88EB-625FBE52EBFB}</UniqueIdentifier>
      <Extensions>h;hh;hpp;hxx;hm;inl;inc;xsd</Extensions>
    </Filter>
    <Filter Include="Resource Files">
      <UniqueIdentifier>{67DA6AB6-F800-4c08-8B7A-83BB121AAD01}</UniqueIdentifier>
      <Extensions>rc;ico;cur;bmp;dlg;rc2;rct;bin;rgs;gif;jpg;jpeg;jpe;resx;tiff;tif;png;wav;mfcribbon-ms</Extensions>
    </Filter>
    <Filter Include="Header Files\Math">
      <UniqueIdentifier>{e40fa736-4bba-4cd3-b8a6-73d84be2e8b5}</UniqueIdentifier>
    </Filter>
    <Filter Include="Header Files\Physics">
      <UniqueIdentifier>{f3ba69e0-8175-46c1-944f-7873ae7df69c}</UniqueIdentifier>
    </Filter>
    <Filter Include="Source Files\Math">
      <UniqueIdentifier>{220c242a-116f-4782-941f-1ed2d2f2c63c}</UniqueIdentifier>
    </Filter>
    <Filter Include="Source Files\Physics">
      <UniqueIdentifier>{9d79b440-a0b2-4e89-800e-f658e0f0a1e0}</UniqueIdentifier>
    </Filter>
    <Filter Include="Header Files\Game utilities">
      <UniqueIdentifier>{667a21c1-f9e4-4893-8e3c-d54ce189f207}</UniqueIdentifier>
    </Filter>
    <Filter Include="Header Files\Game objects">
      <UniqueIdentifier>{b10232e2-f972-4525-b0fa-c7505c6cabe6}</UniqueIdentifier>
    </Filter>
    <Filter Include="Source Files\Game objects">
      <UniqueIdentifier>{f7cf25bb-a41f-4cca-a75f-dab06ea6dd9c}</UniqueIdentifier>
    </Filter>
    <Filter Include="Source Files\Game utilities">
      <UniqueIdentifier>{7894388c-8832-4abe-8f91-6ecf22a67f22}</UniqueIdentifier>
    </Filter>
  </ItemGroup>
  <ItemGroup>
    <Text Include="ReadMe.txt" />
  </ItemGroup>
  <ItemGroup>
    <ClCompile Include="stdafx.cpp">
      <Filter>Source Files</Filter>
    </ClCompile>
    <ClCompile Include="Utilities.cpp">
      <Filter>Source Files</Filter>
    </ClCompile>
    <ClCompile Include="MathUtil.cpp">
      <Filter>Source Files\Math</Filter>
    </ClCompile>
    <ClCompile Include="Physics.cpp">
      <Filter>Source Files\Physics</Filter>
    </ClCompile>
    <ClCompile Include="PhysicalConstants.cpp">
      <Filter>Source Files\Physics</Filter>
    </ClCompile>
    <ClCompile Include="CoordinateSystemHandler.cpp">
      <Filter>Source Files\Math</Filter>
    </ClCompile>
    <ClCompile Include="Massive.cpp">
      <Filter>Source Files\Physics</Filter>
    </ClCompile>
    <ClCompile Include="PhysicalObject.cpp">
      <Filter>Source Files\Physics</Filter>
    </ClCompile>
    <ClCompile Include="Ball.cpp">
      <Filter>Source Files\Game objects</Filter>
    </ClCompile>
    <ClCompile Include="GameEntity.cpp">
      <Filter>Source Files\Game objects</Filter>
    </ClCompile>
    <ClCompile Include="Planet.cpp">
      <Filter>Source Files\Game objects</Filter>
    </ClCompile>
    <ClCompile Include="Projectile.cpp">
      <Filter>Source Files\Game objects</Filter>
    </ClCompile>
    <ClCompile Include="SceneNode.cpp">
      <Filter>Source Files\Game objects</Filter>
    </ClCompile>
    <ClCompile Include="SpriteNode.cpp">
      <Filter>Source Files\Game objects</Filter>
    </ClCompile>
    <ClCompile Include="StarShip.cpp">
      <Filter>Source Files\Game objects</Filter>
    </ClCompile>
    <ClCompile Include="TextNode.cpp">
      <Filter>Source Files\Game objects</Filter>
    </ClCompile>
    <ClCompile Include="CollisionControl.cpp">
      <Filter>Source Files\Physics</Filter>
    </ClCompile>
    <ClCompile Include="Command.cpp">
      <Filter>Source Files\Game utilities</Filter>
    </ClCompile>
    <ClCompile Include="CommandQueue.cpp">
      <Filter>Source Files\Game utilities</Filter>
    </ClCompile>
    <ClCompile Include="GameDataTables.cpp">
      <Filter>Source Files\Game utilities</Filter>
    </ClCompile>
    <ClCompile Include="Integrator.cpp">
      <Filter>Source Files\Math</Filter>
    </ClCompile>
    <ClCompile Include="MotionManager.cpp">
      <Filter>Source Files\Physics</Filter>
    </ClCompile>
    <ClCompile Include="PhysicalData.cpp">
      <Filter>Source Files\Physics</Filter>
    </ClCompile>
    <ClCompile Include="Player.cpp">
      <Filter>Source Files\Game objects</Filter>
    </ClCompile>
  </ItemGroup>
  <ItemGroup>
    <ClInclude Include="stdafx.h">
      <Filter>Header Files</Filter>
    </ClInclude>
    <ClInclude Include="targetver.h">
      <Filter>Header Files</Filter>
    </ClInclude>
    <ClInclude Include="Utilities.h">
      <Filter>Header Files</Filter>
    </ClInclude>
    <ClInclude Include="MathUtil.h">
      <Filter>Header Files\Math</Filter>
    </ClInclude>
    <ClInclude Include="Physics.h">
      <Filter>Header Files\Physics</Filter>
    </ClInclude>
    <ClInclude Include="PhysicalConstants.h">
      <Filter>Header Files\Physics</Filter>
    </ClInclude>
    <ClInclude Include="CoordinateSystemHandler.h">
      <Filter>Header Files\Math</Filter>
    </ClInclude>
    <ClInclude Include="Massive.h">
      <Filter>Header Files\Physics</Filter>
    </ClInclude>
    <ClInclude Include="PhysicalObject.h">
      <Filter>Header Files\Physics</Filter>
    </ClInclude>
    <ClInclude Include="Category.h">
      <Filter>Header Files\Game utilities</Filter>
    </ClInclude>
    <ClInclude Include="CollisionControl.h">
      <Filter>Header Files\Physics</Filter>
    </ClInclude>
    <ClInclude Include="Command.h">
      <Filter>Header Files\Game utilities</Filter>
    </ClInclude>
    <ClInclude Include="CommandQueue.h">
      <Filter>Header Files\Game utilities</Filter>
    </ClInclude>
    <ClInclude Include="Ball.h">
      <Filter>Header Files\Game objects</Filter>
    </ClInclude>
    <ClInclude Include="Planet.h">
      <Filter>Header Files\Game objects</Filter>
    </ClInclude>
    <ClInclude Include="Projectile.h">
      <Filter>Header Files\Game objects</Filter>
    </ClInclude>
    <ClInclude Include="StarShip.h">
      <Filter>Header Files\Game objects</Filter>
    </ClInclude>
    <ClInclude Include="TextNode.h">
      <Filter>Header Files\Game objects</Filter>
    </ClInclude>
    <ClInclude Include="SpriteNode.h">
      <Filter>Header Files\Game objects</Filter>
    </ClInclude>
    <ClInclude Include="SceneNode.h">
      <Filter>Header Files\Game objects</Filter>
    </ClInclude>
    <ClInclude Include="ResourceHolder.h">
      <Filter>Header Files\Game utilities</Filter>
    </ClInclude>
    <ClInclude Include="ResourceIdentifiers.h">
      <Filter>Header Files\Game utilities</Filter>
    </ClInclude>
    <ClInclude Include="GameEntity.h">
      <Filter>Header Files\Game objects</Filter>
    </ClInclude>
    <ClInclude Include="GameDataTables.h">
      <Filter>Header Files\Game utilities</Filter>
    </ClInclude>
    <ClInclude Include="Integrator.h">
      <Filter>Header Files\Math</Filter>
    </ClInclude>
    <ClInclude Include="MotionManager.h">
      <Filter>Header Files\Physics</Filter>
    </ClInclude>
    <ClInclude Include="PhysicalData.h">
      <Filter>Header Files\Physics</Filter>
    </ClInclude>
    <ClInclude Include="Player.h">
      <Filter>Header Files\Game objects</Filter>
    </ClInclude>
  </ItemGroup>
  <ItemGroup>
    <None Include="ResourceHolder.inl">
      <Filter>Header Files\Game utilities</Filter>
    </None>
  </ItemGroup>
</Project>